
Microsoft Visual Studio Solution File, Format Version 12.00
# Visual Studio Version 17
VisualStudioVersion = 17.0.31903.59
MinimumVisualStudioVersion = 10.0.40219.1
Project("{FAE04EC0-301F-11D3-BF4B-00C04F79EFBC}") = "Test", "Test\Test.csproj", "{7553673C-8D03-4FE8-8417-54FE8B71EDD1}"
EndProject
Project("{FAE04EC0-301F-11D3-BF4B-00C04F79EFBC}") = "HR", "HR\HR.csproj", "{559E7476-7C94-4172-A94C-82E7EA3A6CE2}"
EndProject
Project("{FAE04EC0-301F-11D3-BF4B-00C04F79EFBC}") = "Membership", "Membership\Membership.csproj", "{3DC364D1-5822-4FF2-BBC7-A402B575A99E}"
EndProject
Global
	GlobalSection(SolutionConfigurationPlatforms) = preSolution
		Debug|Any CPU = Debug|Any CPU
		Release|Any CPU = Release|Any CPU
	EndGlobalSection
	GlobalSection(SolutionProperties) = preSolution
		HideSolutionNode = FALSE
	EndGlobalSection
	GlobalSection(ProjectConfigurationPlatforms) = postSolution
		{7553673C-8D03-4FE8-8417-54FE8B71EDD1}.Debug|Any CPU.ActiveCfg = Debug|Any CPU
		{7553673C-8D03-4FE8-8417-54FE8B71EDD1}.Debug|Any CPU.Build.0 = Debug|Any CPU
		{7553673C-8D03-4FE8-8417-54FE8B71EDD1}.Release|Any CPU.ActiveCfg = Release|Any CPU
		{7553673C-8D03-4FE8-8417-54FE8B71EDD1}.Release|Any CPU.Build.0 = Release|Any CPU
		{559E7476-7C94-4172-A94C-82E7EA3A6CE2}.Debug|Any CPU.ActiveCfg = Debug|Any CPU
		{559E7476-7C94-4172-A94C-82E7EA3A6CE2}.Debug|Any CPU.Build.0 = Debug|Any CPU
		{559E7476-7C94-4172-A94C-82E7EA3A6CE2}.Release|Any CPU.ActiveCfg = Release|Any CPU
		{559E7476-7C94-4172-A94C-82E7EA3A6CE2}.Release|Any CPU.Build.0 = Release|Any CPU
		{3DC364D1-5822-4FF2-BBC7-A402B575A99E}.Debug|Any CPU.ActiveCfg = Debug|Any CPU
		{3DC364D1-5822-4FF2-BBC7-A402B575A99E}.Debug|Any CPU.Build.0 = Debug|Any CPU
		{3DC364D1-5822-4FF2-BBC7-A402B575A99E}.Release|Any CPU.ActiveCfg = Release|Any CPU
		{3DC364D1-5822-4FF2-BBC7-A402B575A99E}.Release|Any CPU.Build.0 = Release|Any CPU
	EndGlobalSection
EndGlobal
